# This file is automatically @generated by Cargo.
# It is not intended for manual editing.
version = 4

[[package]]
name = "fibonacci_heap"
version = "0.8.1"
source = "registry+https://github.com/rust-lang/crates.io-index"
checksum = "e62cae501e2664b39a9dc931a5f723da941aad14fa341c9a87356764cec700b7"

[[package]]
name = "hypergraph"
version = "0.1.0"
dependencies = [
 "fibonacci_heap",
]
